Microsoft Visual Studio Solution File, Format Version 12.00
# Visual Studio 15
VisualStudioVersion = 15.0.27004.2008
MinimumVisualStudioVersion = 15.0.26124.0
Project("{9A19103F-16F7-4668-BE54-9A1E7A4F7556}") = "csharp-console", "csharp-console\csharp-console.csproj", "{ED247A90-AFBE-4717-8F32-AA8BFC2C8627}"
EndProject
Project("{F184B08F-C81C-45F6-A57F-5ABD9991F28F}") = "vbLib", "vb-lib\vbLib.vbproj", "{CDEFB4B2-98C7-403A-ADA7-3B791A4178A2}"
EndProject
Global
	GlobalSection(SolutionConfigurationPlatforms) = preSolution
		Debug|Any CPU = Debug|Any CPU
		Debug|x64 = Debug|x64
		Debug|x86 = Debug|x86
		Release|Any CPU = Release|Any CPU
		Release|x64 = Release|x64
		Release|x86 = Release|x86
	EndGlobalSection
	GlobalSection(ProjectConfigurationPlatforms) = postSolution
		{ED247A90-AFBE-4717-8F32-AA8BFC2C8627}.Debug|Any CPU.ActiveCfg = Debug|Any CPU
		{ED247A90-AFBE-4717-8F32-AA8BFC2C8627}.Debug|Any CPU.Build.0 = Debug|Any CPU
		{ED247A90-AFBE-4717-8F32-AA8BFC2C8627}.Debug|x64.ActiveCfg = Debug|Any CPU
		{ED247A90-AFBE-4717-8F32-AA8BFC2C8627}.Debug|x64.Build.0 = Debug|Any CPU
		{ED247A90-AFBE-4717-8F32-AA8BFC2C8627}.Debug|x86.ActiveCfg = Debug|Any CPU
		{ED247A90-AFBE-4717-8F32-AA8BFC2C8627}.Debug|x86.Build.0 = Debug|Any CPU
		{ED247A90-AFBE-4717-8F32-AA8BFC2C8627}.Release|Any CPU.ActiveCfg = Release|Any CPU
		{ED247A90-AFBE-4717-8F32-AA8BFC2C8627}.Release|Any CPU.Build.0 = Release|Any CPU
		{ED247A90-AFBE-4717-8F32-AA8BFC2C8627}.Release|x64.ActiveCfg = Release|Any CPU
		{ED247A90-AFBE-4717-8F32-AA8BFC2C8627}.Release|x64.Build.0 = Release|Any CPU
		{ED247A90-AFBE-4717-8F32-AA8BFC2C8627}.Release|x86.ActiveCfg = Release|Any CPU
		{ED247A90-AFBE-4717-8F32-AA8BFC2C8627}.Release|x86.Build.0 = Release|Any CPU
		{CDEFB4B2-98C7-403A-ADA7-3B791A4178A2}.Debug|Any CPU.ActiveCfg = Debug|Any CPU
		{CDEFB4B2-98C7-403A-ADA7-3B791A4178A2}.Debug|Any CPU.Build.0 = Debug|Any CPU
		{CDEFB4B2-98C7-403A-ADA7-3B791A4178A2}.Debug|x64.ActiveCfg = Debug|Any CPU
		{CDEFB4B2-98C7-403A-ADA7-3B791A4178A2}.Debug|x64.Build.0 = Debug|Any CPU
		{CDEFB4B2-98C7-403A-ADA7-3B791A4178A2}.Debug|x86.ActiveCfg = Debug|Any CPU
		{CDEFB4B2-98C7-403A-ADA7-3B791A4178A2}.Debug|x86.Build.0 = Debug|Any CPU
		{CDEFB4B2-98C7-403A-ADA7-3B791A4178A2}.Release|Any CPU.ActiveCfg = Release|Any CPU
		{CDEFB4B2-98C7-403A-ADA7-3B791A4178A2}.Release|Any CPU.Build.0 = Release|Any CPU
		{CDEFB4B2-98C7-403A-ADA7-3B791A4178A2}.Release|x64.ActiveCfg = Release|Any CPU
		{CDEFB4B2-98C7-403A-ADA7-3B791A4178A2}.Release|x64.Build.0 = Release|Any CPU
		{CDEFB4B2-98C7-403A-ADA7-3B791A4178A2}.Release|x86.ActiveCfg = Release|Any CPU
		{CDEFB4B2-98C7-403A-ADA7-3B791A4178A2}.Release|x86.Build.0 = Release|Any CPU
	EndGlobalSection
	GlobalSection(SolutionProperties) = preSolution
		HideSolutionNode = FALSE
	EndGlobalSection
	GlobalSection(ExtensibilityGlobals) = postSolution
		SolutionGuid = {F048FC8F-4641-49FA-B18A-48AA4C543886}
	EndGlobalSection
EndGlobal
